
Microsoft Visual Studio Solution File, Format Version 12.00
# Visual Studio 2015
Project("{FAE04EC0-301F-11D3-BF4B-00C04F79EFBC}") = "Vuforia test.CSharp", "Vuforia test.CSharp.csproj", "{3F34D5A3-AD87-B5E1-9711-2E1DA9099BA1}"
EndProject
Project("{FAE04EC0-301F-11D3-BF4B-00C04F79EFBC}") = "Vuforia test.CSharp.Editor", "Vuforia test.CSharp.Editor.csproj", "{2CC6E865-8631-9BF7-58A5-FC6DDE8AA398}"
EndProject
Global
	GlobalSection(SolutionConfigurationPlatforms) = preSolution
		Debug|Any CPU = Debug|Any CPU
		Release|Any CPU = Release|Any CPU
	EndGlobalSection
	GlobalSection(ProjectConfigurationPlatforms) = postSolution
		{3F34D5A3-AD87-B5E1-9711-2E1DA9099BA1}.Debug|Any CPU.ActiveCfg = Debug|Any CPU
		{3F34D5A3-AD87-B5E1-9711-2E1DA9099BA1}.Debug|Any CPU.Build.0 = Debug|Any CPU
		{3F34D5A3-AD87-B5E1-9711-2E1DA9099BA1}.Release|Any CPU.ActiveCfg = Release|Any CPU
		{3F34D5A3-AD87-B5E1-9711-2E1DA9099BA1}.Release|Any CPU.Build.0 = Release|Any CPU
		{2CC6E865-8631-9BF7-58A5-FC6DDE8AA398}.Debug|Any CPU.ActiveCfg = Debug|Any CPU
		{2CC6E865-8631-9BF7-58A5-FC6DDE8AA398}.Debug|Any CPU.Build.0 = Debug|Any CPU
		{2CC6E865-8631-9BF7-58A5-FC6DDE8AA398}.Release|Any CPU.ActiveCfg = Release|Any CPU
		{2CC6E865-8631-9BF7-58A5-FC6DDE8AA398}.Release|Any CPU.Build.0 = Release|Any CPU
	EndGlobalSection
	GlobalSection(SolutionProperties) = preSolution
		HideSolutionNode = FALSE
	EndGlobalSection
EndGlobal
